// !$*UTF8*$!
{
	archiveVersion = 1;
	classes = {
	};
	objectVersion = 56;
	objects = {

/* Begin PBXBuildFile section */
		A31EF4972B853EDC00D55F06 /* HTTPService.swift in Sources */ = {isa = PBXBuildFile; fileRef = A31EF4962B853EDC00D55F06 /* HTTPService.swift */; };
		A31EF4992B853F1600D55F06 /* MMOBombEndpoint.swift in Sources */ = {isa = PBXBuildFile; fileRef = A31EF4982B853F1600D55F06 /* MMOBombEndpoint.swift */; };
		A31EF49B2B853F5200D55F06 /* URLRequestable.swift in Sources */ = {isa = PBXBuildFile; fileRef = A31EF49A2B853F5200D55F06 /* URLRequestable.swift */; };
		A31EF49D2B85408A00D55F06 /* URLSessionService.swift in Sources */ = {isa = PBXBuildFile; fileRef = A31EF49C2B85408A00D55F06 /* URLSessionService.swift */; };
		A31EF4A02B85447600D55F06 /* Game.swift in Sources */ = {isa = PBXBuildFile; fileRef = A31EF49F2B85447600D55F06 /* Game.swift */; };
		A31EF4A32B8544BB00D55F06 /* GetAllGamesResponse.swift in Sources */ = {isa = PBXBuildFile; fileRef = A31EF4A22B8544BB00D55F06 /* GetAllGamesResponse.swift */; };
		A31EF4A62B85792600D55F06 /* MMOBombResponseParserImpl.swift in Sources */ = {isa = PBXBuildFile; fileRef = A31EF4A52B85792600D55F06 /* MMOBombResponseParserImpl.swift */; };
		A31EF4A82B8588B200D55F06 /* GetGameByIdResponse.swift in Sources */ = {isa = PBXBuildFile; fileRef = A31EF4A72B8588B200D55F06 /* GetGameByIdResponse.swift */; };
		A31EF4AA2B858DE100D55F06 /* GameDetailed.swift in Sources */ = {isa = PBXBuildFile; fileRef = A31EF4A92B858DE100D55F06 /* GameDetailed.swift */; };
		A32EAAAD2B8507A0003ED411 /* AppDelegate.swift in Sources */ = {isa = PBXBuildFile; fileRef = A32EAAAC2B8507A0003ED411 /* AppDelegate.swift */; };
		A32EAAB62B8507A1003ED411 /* Assets.xcassets in Resources */ = {isa = PBXBuildFile; fileRef = A32EAAB52B8507A1003ED411 /* Assets.xcassets */; };
		A32EAAB92B8507A1003ED411 /* LaunchScreen.storyboard in Resources */ = {isa = PBXBuildFile; fileRef = A32EAAB72B8507A1003ED411 /* LaunchScreen.storyboard */; };
		A32EAAC52B851906003ED411 /* MMOBombApiServiceImpl.swift in Sources */ = {isa = PBXBuildFile; fileRef = A32EAAC42B851906003ED411 /* MMOBombApiServiceImpl.swift */; };
		A3BB8B9F2B86BFBB00057712 /* MTGResponseParserImpl.swift in Sources */ = {isa = PBXBuildFile; fileRef = A3BB8B9E2B86BFBB00057712 /* MTGResponseParserImpl.swift */; };
		A3BB8BA12B86BFEB00057712 /* MTGApiService.swift in Sources */ = {isa = PBXBuildFile; fileRef = A3BB8BA02B86BFEB00057712 /* MTGApiService.swift */; };
		A3BB8BA42B86C36F00057712 /* Card.swift in Sources */ = {isa = PBXBuildFile; fileRef = A3BB8BA32B86C36F00057712 /* Card.swift */; };
		A3BB8BA72B86C49F00057712 /* GetAllCardsResponse.swift in Sources */ = {isa = PBXBuildFile; fileRef = A3BB8BA62B86C49F00057712 /* GetAllCardsResponse.swift */; };
		A3BB8BA92B86C60500057712 /* GetCardByIdResponse.swift in Sources */ = {isa = PBXBuildFile; fileRef = A3BB8BA82B86C60500057712 /* GetCardByIdResponse.swift */; };
		A3BB8BAB2B86C67F00057712 /* MTGEndpoint.swift in Sources */ = {isa = PBXBuildFile; fileRef = A3BB8BAA2B86C67F00057712 /* MTGEndpoint.swift */; };
		A3BB8BAD2B86C7A700057712 /* HTTPMethod.swift in Sources */ = {isa = PBXBuildFile; fileRef = A3BB8BAC2B86C7A700057712 /* HTTPMethod.swift */; };
		A3BB8BAF2B86C80700057712 /* Constants.swift in Sources */ = {isa = PBXBuildFile; fileRef = A3BB8BAE2B86C80700057712 /* Constants.swift */; };
		A3BB8BB42B86CF6000057712 /* NetworkError.swift in Sources */ = {isa = PBXBuildFile; fileRef = A3BB8BB32B86CF6000057712 /* NetworkError.swift */; };
/* End PBXBuildFile section */

/* Begin PBXFileReference section */
		A31EF4962B853EDC00D55F06 /* HTTPService.swift */ = {isa = PBXFileReference; lastKnownFileType = sourcecode.swift; path = HTTPService.swift; sourceTree = "<group>"; };
		A31EF4982B853F1600D55F06 /* MMOBombEndpoint.swift */ = {isa = PBXFileReference; lastKnownFileType = sourcecode.swift; path = MMOBombEndpoint.swift; sourceTree = "<group>"; };
		A31EF49A2B853F5200D55F06 /* URLRequestable.swift */ = {isa = PBXFileReference; lastKnownFileType = sourcecode.swift; path = URLRequestable.swift; sourceTree = "<group>"; };
		A31EF49C2B85408A00D55F06 /* URLSessionService.swift */ = {isa = PBXFileReference; lastKnownFileType = sourcecode.swift; path = URLSessionService.swift; sourceTree = "<group>"; };
		A31EF49F2B85447600D55F06 /* Game.swift */ = {isa = PBXFileReference; lastKnownFileType = sourcecode.swift; path = Game.swift; sourceTree = "<group>"; };
		A31EF4A22B8544BB00D55F06 /* GetAllGamesResponse.swift */ = {isa = PBXFileReference; lastKnownFileType = sourcecode.swift; path = GetAllGamesResponse.swift; sourceTree = "<group>"; };
		A31EF4A52B85792600D55F06 /* MMOBombResponseParserImpl.swift */ = {isa = PBXFileReference; lastKnownFileType = sourcecode.swift; path = MMOBombResponseParserImpl.swift; sourceTree = "<group>"; };
		A31EF4A72B8588B200D55F06 /* GetGameByIdResponse.swift */ = {isa = PBXFileReference; lastKnownFileType = sourcecode.swift; path = GetGameByIdResponse.swift; sourceTree = "<group>"; };
		A31EF4A92B858DE100D55F06 /* GameDetailed.swift */ = {isa = PBXFileReference; lastKnownFileType = sourcecode.swift; path = GameDetailed.swift; sourceTree = "<group>"; };
		A32EAAA92B8507A0003ED411 /* DifferentApproaches.app */ = {isa = PBXFileReference; explicitFileType = wrapper.application; includeInIndex = 0; path = DifferentApproaches.app; sourceTree = BUILT_PRODUCTS_DIR; };
		A32EAAAC2B8507A0003ED411 /* AppDelegate.swift */ = {isa = PBXFileReference; lastKnownFileType = sourcecode.swift; path = AppDelegate.swift; sourceTree = "<group>"; };
		A32EAAB52B8507A1003ED411 /* Assets.xcassets */ = {isa = PBXFileReference; lastKnownFileType = folder.assetcatalog; path = Assets.xcassets; sourceTree = "<group>"; };
		A32EAAB82B8507A1003ED411 /* Base */ = {isa = PBXFileReference; lastKnownFileType = file.storyboard; name = Base; path = Base.lproj/LaunchScreen.storyboard; sourceTree = "<group>"; };
		A32EAABA2B8507A1003ED411 /* Info.plist */ = {isa = PBXFileReference; lastKnownFileType = text.plist.xml; path = Info.plist; sourceTree = "<group>"; };
		A32EAAC42B851906003ED411 /* MMOBombApiServiceImpl.swift */ = {isa = PBXFileReference; lastKnownFileType = sourcecode.swift; path = MMOBombApiServiceImpl.swift; sourceTree = "<group>"; };
		A3BB8B9E2B86BFBB00057712 /* MTGResponseParserImpl.swift */ = {isa = PBXFileReference; lastKnownFileType = sourcecode.swift; path = MTGResponseParserImpl.swift; sourceTree = "<group>"; };
		A3BB8BA02B86BFEB00057712 /* MTGApiService.swift */ = {isa = PBXFileReference; lastKnownFileType = sourcecode.swift; path = MTGApiService.swift; sourceTree = "<group>"; };
		A3BB8BA32B86C36F00057712 /* Card.swift */ = {isa = PBXFileReference; lastKnownFileType = sourcecode.swift; path = Card.swift; sourceTree = "<group>"; };
		A3BB8BA62B86C49F00057712 /* GetAllCardsResponse.swift */ = {isa = PBXFileReference; lastKnownFileType = sourcecode.swift; path = GetAllCardsResponse.swift; sourceTree = "<group>"; };
		A3BB8BA82B86C60500057712 /* GetCardByIdResponse.swift */ = {isa = PBXFileReference; lastKnownFileType = sourcecode.swift; path = GetCardByIdResponse.swift; sourceTree = "<group>"; };
		A3BB8BAA2B86C67F00057712 /* MTGEndpoint.swift */ = {isa = PBXFileReference; lastKnownFileType = sourcecode.swift; path = MTGEndpoint.swift; sourceTree = "<group>"; };
		A3BB8BAC2B86C7A700057712 /* HTTPMethod.swift */ = {isa = PBXFileReference; lastKnownFileType = sourcecode.swift; path = HTTPMethod.swift; sourceTree = "<group>"; };
		A3BB8BAE2B86C80700057712 /* Constants.swift */ = {isa = PBXFileReference; lastKnownFileType = sourcecode.swift; path = Constants.swift; sourceTree = "<group>"; };
		A3BB8BB32B86CF6000057712 /* NetworkError.swift */ = {isa = PBXFileReference; lastKnownFileType = sourcecode.swift; path = NetworkError.swift; sourceTree = "<group>"; };
/* End PBXFileReference section */

/* Begin PBXFrameworksBuildPhase section */
		A32EAAA62B8507A0003ED411 /* Frameworks */ = {
			isa = PBXFrameworksBuildPhase;
			buildActionMask = 2147483647;
			files = (
			);
			runOnlyForDeploymentPostprocessing = 0;
		};
/* End PBXFrameworksBuildPhase section */

/* Begin PBXGroup section */
		A31EF4952B853EC700D55F06 /* MMOBomb */ = {
			isa = PBXGroup;
			children = (
				A3BB8BB02B86CC7000057712 /* Responses */,
				A32EAAC42B851906003ED411 /* MMOBombApiServiceImpl.swift */,
				A31EF4982B853F1600D55F06 /* MMOBombEndpoint.swift */,
				A31EF4A52B85792600D55F06 /* MMOBombResponseParserImpl.swift */,
			);
			path = MMOBomb;
			sourceTree = "<group>";
		};
		A31EF49E2B85445500D55F06 /* Models */ = {
			isa = PBXGroup;
			children = (
				A3BB8BA32B86C36F00057712 /* Card.swift */,
				A31EF49F2B85447600D55F06 /* Game.swift */,
				A31EF4A92B858DE100D55F06 /* GameDetailed.swift */,
			);
			path = Models;
			sourceTree = "<group>";
		};
		A32EAAA02B8507A0003ED411 = {
			isa = PBXGroup;
			children = (
				A32EAAAB2B8507A0003ED411 /* DifferentApproaches */,
				A32EAAAA2B8507A0003ED411 /* Products */,
			);
			sourceTree = "<group>";
		};
		A32EAAAA2B8507A0003ED411 /* Products */ = {
			isa = PBXGroup;
			children = (
				A32EAAA92B8507A0003ED411 /* DifferentApproaches.app */,
			);
			name = Products;
			sourceTree = "<group>";
		};
		A32EAAAB2B8507A0003ED411 /* DifferentApproaches */ = {
			isa = PBXGroup;
			children = (
				A32EAAC12B85123B003ED411 /* App */,
				A31EF49E2B85445500D55F06 /* Models */,
				A32EAAC22B85189C003ED411 /* Network */,
				A32EAAC02B851173003ED411 /* SupportingFiles */,
			);
			path = DifferentApproaches;
			sourceTree = "<group>";
		};
		A32EAAC02B851173003ED411 /* SupportingFiles */ = {
			isa = PBXGroup;
			children = (
				A32EAABA2B8507A1003ED411 /* Info.plist */,
				A32EAAB52B8507A1003ED411 /* Assets.xcassets */,
				A32EAAB72B8507A1003ED411 /* LaunchScreen.storyboard */,
			);
			path = SupportingFiles;
			sourceTree = "<group>";
		};
		A32EAAC12B85123B003ED411 /* App */ = {
			isa = PBXGroup;
			children = (
				A32EAAAC2B8507A0003ED411 /* AppDelegate.swift */,
				A3BB8BAE2B86C80700057712 /* Constants.swift */,
			);
			path = App;
			sourceTree = "<group>";
		};
		A32EAAC22B85189C003ED411 /* Network */ = {
			isa = PBXGroup;
			children = (
				A3BB8BAC2B86C7A700057712 /* HTTPMethod.swift */,
				A31EF4962B853EDC00D55F06 /* HTTPService.swift */,
				A31EF49A2B853F5200D55F06 /* URLRequestable.swift */,
				A31EF49C2B85408A00D55F06 /* URLSessionService.swift */,
				A31EF4952B853EC700D55F06 /* MMOBomb */,
				A3BB8B9D2B86BF9900057712 /* MTG */,
				A3BB8BB32B86CF6000057712 /* NetworkError.swift */,
			);
			path = Network;
			sourceTree = "<group>";
		};
		A3BB8B9D2B86BF9900057712 /* MTG */ = {
			isa = PBXGroup;
			children = (
				A3BB8BA02B86BFEB00057712 /* MTGApiService.swift */,
				A3BB8BAA2B86C67F00057712 /* MTGEndpoint.swift */,
				A3BB8B9E2B86BFBB00057712 /* MTGResponseParserImpl.swift */,
				A3BB8BB12B86CC7700057712 /* Responses */,
			);
			path = MTG;
			sourceTree = "<group>";
		};
		A3BB8BB02B86CC7000057712 /* Responses */ = {
			isa = PBXGroup;
			children = (
				A31EF4A22B8544BB00D55F06 /* GetAllGamesResponse.swift */,
				A31EF4A72B8588B200D55F06 /* GetGameByIdResponse.swift */,
			);
			path = Responses;
			sourceTree = "<group>";
		};
		A3BB8BB12B86CC7700057712 /* Responses */ = {
			isa = PBXGroup;
			children = (
				A3BB8BA62B86C49F00057712 /* GetAllCardsResponse.swift */,
				A3BB8BA82B86C60500057712 /* GetCardByIdResponse.swift */,
			);
			path = Responses;
			sourceTree = "<group>";
		};
/* End PBXGroup section */

/* Begin PBXNativeTarget section */
		A32EAAA82B8507A0003ED411 /* DifferentApproaches */ = {
			isa = PBXNativeTarget;
			buildConfigurationList = A32EAABD2B8507A1003ED411 /* Build configuration list for PBXNativeTarget "DifferentApproaches" */;
			buildPhases = (
				A32EAAA52B8507A0003ED411 /* Sources */,
				A32EAAA62B8507A0003ED411 /* Frameworks */,
				A32EAAA72B8507A0003ED411 /* Resources */,
			);
			buildRules = (
			);
			dependencies = (
			);
			name = DifferentApproaches;
			productName = DifferentApproaches;
			productReference = A32EAAA92B8507A0003ED411 /* DifferentApproaches.app */;
			productType = "com.apple.product-type.application";
		};
/* End PBXNativeTarget section */

/* Begin PBXProject section */
		A32EAAA12B8507A0003ED411 /* Project object */ = {
			isa = PBXProject;
			attributes = {
				BuildIndependentTargetsInParallel = 1;
				LastSwiftUpdateCheck = 1520;
				LastUpgradeCheck = 1520;
				TargetAttributes = {
					A32EAAA82B8507A0003ED411 = {
						CreatedOnToolsVersion = 15.2;
					};
				};
			};
			buildConfigurationList = A32EAAA42B8507A0003ED411 /* Build configuration list for PBXProject "DifferentApproaches" */;
			compatibilityVersion = "Xcode 14.0";
			developmentRegion = en;
			hasScannedForEncodings = 0;
			knownRegions = (
				en,
				Base,
			);
			mainGroup = A32EAAA02B8507A0003ED411;
			productRefGroup = A32EAAAA2B8507A0003ED411 /* Products */;
			projectDirPath = "";
			projectRoot = "";
			targets = (
				A32EAAA82B8507A0003ED411 /* DifferentApproaches */,
			);
		};
/* End PBXProject section */

/* Begin PBXResourcesBuildPhase section */
		A32EAAA72B8507A0003ED411 /* Resources */ = {
			isa = PBXResourcesBuildPhase;
			buildActionMask = 2147483647;
			files = (
				A32EAAB92B8507A1003ED411 /* LaunchScreen.storyboard in Resources */,
				A32EAAB62B8507A1003ED411 /* Assets.xcassets in Resources */,
			);
			runOnlyForDeploymentPostprocessing = 0;
		};
/* End PBXResourcesBuildPhase section */

/* Begin PBXSourcesBuildPhase section */
		A32EAAA52B8507A0003ED411 /* Sources */ = {
			isa = PBXSourcesBuildPhase;
			buildActionMask = 2147483647;
			files = (
				A31EF4A62B85792600D55F06 /* MMOBombResponseParserImpl.swift in Sources */,
				A3BB8BAF2B86C80700057712 /* Constants.swift in Sources */,
				A31EF49D2B85408A00D55F06 /* URLSessionService.swift in Sources */,
				A31EF4AA2B858DE100D55F06 /* GameDetailed.swift in Sources */,
				A3BB8BAB2B86C67F00057712 /* MTGEndpoint.swift in Sources */,
				A3BB8BA12B86BFEB00057712 /* MTGApiService.swift in Sources */,
				A3BB8BA72B86C49F00057712 /* GetAllCardsResponse.swift in Sources */,
				A3BB8BA92B86C60500057712 /* GetCardByIdResponse.swift in Sources */,
				A31EF4A32B8544BB00D55F06 /* GetAllGamesResponse.swift in Sources */,
				A3BB8BB42B86CF6000057712 /* NetworkError.swift in Sources */,
				A31EF4A82B8588B200D55F06 /* GetGameByIdResponse.swift in Sources */,
				A31EF4972B853EDC00D55F06 /* HTTPService.swift in Sources */,
				A31EF4A02B85447600D55F06 /* Game.swift in Sources */,
				A31EF49B2B853F5200D55F06 /* URLRequestable.swift in Sources */,
				A3BB8BA42B86C36F00057712 /* Card.swift in Sources */,
				A3BB8B9F2B86BFBB00057712 /* MTGResponseParserImpl.swift in Sources */,
				A3BB8BAD2B86C7A700057712 /* HTTPMethod.swift in Sources */,
				A32EAAC52B851906003ED411 /* MMOBombApiServiceImpl.swift in Sources */,
				A31EF4992B853F1600D55F06 /* MMOBombEndpoint.swift in Sources */,
				A32EAAAD2B8507A0003ED411 /* AppDelegate.swift in Sources */,
			);
			runOnlyForDeploymentPostprocessing = 0;
		};
/* End PBXSourcesBuildPhase section */

/* Begin PBXVariantGroup section */
		A32EAAB72B8507A1003ED411 /* LaunchScreen.storyboard */ = {
			isa = PBXVariantGroup;
			children = (
				A32EAAB82B8507A1003ED411 /* Base */,
			);
			name = LaunchScreen.storyboard;
			sourceTree = "<group>";
		};
/* End PBXVariantGroup section */

/* Begin XCBuildConfiguration section */
		A32EAABB2B8507A1003ED411 /* Debug */ = {
			isa = XCBuildConfiguration;
			buildSettings = {
				ALWAYS_SEARCH_USER_PATHS = NO;
				ASSETCATALOG_COMPILER_GENERATE_SWIFT_ASSET_SYMBOL_EXTENSIONS = YES;
				CLANG_ANALYZER_NONNULL = YES;
				CLANG_ANALYZER_NUMBER_OBJECT_CONVERSION = YES_AGGRESSIVE;
				CLANG_CXX_LANGUAGE_STANDARD = "gnu++20";
				CLANG_ENABLE_MODULES = YES;
				CLANG_ENABLE_OBJC_ARC = YES;
				CLANG_ENABLE_OBJC_WEAK = YES;
				CLANG_WARN_BLOCK_CAPTURE_AUTORELEASING = YES;
				CLANG_WARN_BOOL_CONVERSION = YES;
				CLANG_WARN_COMMA = YES;
				CLANG_WARN_CONSTANT_CONVERSION = YES;
				CLANG_WARN_DEPRECATED_OBJC_IMPLEMENTATIONS = YES;
				CLANG_WARN_DIRECT_OBJC_ISA_USAGE = YES_ERROR;
				CLANG_WARN_DOCUMENTATION_COMMENTS = YES;
				CLANG_WARN_EMPTY_BODY = YES;
				CLANG_WARN_ENUM_CONVERSION = YES;
				CLANG_WARN_INFINITE_RECURSION = YES;
				CLANG_WARN_INT_CONVERSION = YES;
				CLANG_WARN_NON_LITERAL_NULL_CONVERSION = YES;
				CLANG_WARN_OBJC_IMPLICIT_RETAIN_SELF = YES;
				CLANG_WARN_OBJC_LITERAL_CONVERSION = YES;
				CLANG_WARN_OBJC_ROOT_CLASS = YES_ERROR;
				CLANG_WARN_QUOTED_INCLUDE_IN_FRAMEWORK_HEADER = YES;
				CLANG_WARN_RANGE_LOOP_ANALYSIS = YES;
				CLANG_WARN_STRICT_PROTOTYPES = YES;
				CLANG_WARN_SUSPICIOUS_MOVE = YES;
				CLANG_WARN_UNGUARDED_AVAILABILITY = YES_AGGRESSIVE;
				CLANG_WARN_UNREACHABLE_CODE = YES;
				CLANG_WARN__DUPLICATE_METHOD_MATCH = YES;
				COPY_PHASE_STRIP = NO;
				DEBUG_INFORMATION_FORMAT = dwarf;
				ENABLE_STRICT_OBJC_MSGSEND = YES;
				ENABLE_TESTABILITY = YES;
				ENABLE_USER_SCRIPT_SANDBOXING = YES;
				GCC_C_LANGUAGE_STANDARD = gnu17;
				GCC_DYNAMIC_NO_PIC = NO;
				GCC_NO_COMMON_BLOCKS = YES;
				GCC_OPTIMIZATION_LEVEL = 0;
				GCC_PREPROCESSOR_DEFINITIONS = (
					"DEBUG=1",
					"$(inherited)",
				);
				GCC_WARN_64_TO_32_BIT_CONVERSION = YES;
				GCC_WARN_ABOUT_RETURN_TYPE = YES_ERROR;
				GCC_WARN_UNDECLARED_SELECTOR = YES;
				GCC_WARN_UNINITIALIZED_AUTOS = YES_AGGRESSIVE;
				GCC_WARN_UNUSED_FUNCTION = YES;
				GCC_WARN_UNUSED_VARIABLE = YES;
				IPHONEOS_DEPLOYMENT_TARGET = 17.2;
				LOCALIZATION_PREFERS_STRING_CATALOGS = YES;
				MTL_ENABLE_DEBUG_INFO = INCLUDE_SOURCE;
				MTL_FAST_MATH = YES;
				ONLY_ACTIVE_ARCH = YES;
				SDKROOT = iphoneos;
				SWIFT_ACTIVE_COMPILATION_CONDITIONS = "DEBUG $(inherited)";
				SWIFT_OPTIMIZATION_LEVEL = "-Onone";
			};
			name = Debug;
		};
		A32EAABC2B8507A1003ED411 /* Release */ = {
			isa = XCBuildConfiguration;
			buildSettings = {
				ALWAYS_SEARCH_USER_PATHS = NO;
				ASSETCATALOG_COMPILER_GENERATE_SWIFT_ASSET_SYMBOL_EXTENSIONS = YES;
				CLANG_ANALYZER_NONNULL = YES;
				CLANG_ANALYZER_NUMBER_OBJECT_CONVERSION = YES_AGGRESSIVE;
				CLANG_CXX_LANGUAGE_STANDARD = "gnu++20";
				CLANG_ENABLE_MODULES = YES;
				CLANG_ENABLE_OBJC_ARC = YES;
				CLANG_ENABLE_OBJC_WEAK = YES;
				CLANG_WARN_BLOCK_CAPTURE_AUTORELEASING = YES;
				CLANG_WARN_BOOL_CONVERSION = YES;
				CLANG_WARN_COMMA = YES;
				CLANG_WARN_CONSTANT_CONVERSION = YES;
				CLANG_WARN_DEPRECATED_OBJC_IMPLEMENTATIONS = YES;
				CLANG_WARN_DIRECT_OBJC_ISA_USAGE = YES_ERROR;
				CLANG_WARN_DOCUMENTATION_COMMENTS = YES;
				CLANG_WARN_EMPTY_BODY = YES;
				CLANG_WARN_ENUM_CONVERSION = YES;
				CLANG_WARN_INFINITE_RECURSION = YES;
				CLANG_WARN_INT_CONVERSION = YES;
				CLANG_WARN_NON_LITERAL_NULL_CONVERSION = YES;
				CLANG_WARN_OBJC_IMPLICIT_RETAIN_SELF = YES;
				CLANG_WARN_OBJC_LITERAL_CONVERSION = YES;
				CLANG_WARN_OBJC_ROOT_CLASS = YES_ERROR;
				CLANG_WARN_QUOTED_INCLUDE_IN_FRAMEWORK_HEADER = YES;
				CLANG_WARN_RANGE_LOOP_ANALYSIS = YES;
				CLANG_WARN_STRICT_PROTOTYPES = YES;
				CLANG_WARN_SUSPICIOUS_MOVE = YES;
				CLANG_WARN_UNGUARDED_AVAILABILITY = YES_AGGRESSIVE;
				CLANG_WARN_UNREACHABLE_CODE = YES;
				CLANG_WARN__DUPLICATE_METHOD_MATCH = YES;
				COPY_PHASE_STRIP = NO;
				DEBUG_INFORMATION_FORMAT = "dwarf-with-dsym";
				ENABLE_NS_ASSERTIONS = NO;
				ENABLE_STRICT_OBJC_MSGSEND = YES;
				ENABLE_USER_SCRIPT_SANDBOXING = YES;
				GCC_C_LANGUAGE_STANDARD = gnu17;
				GCC_NO_COMMON_BLOCKS = YES;
				GCC_WARN_64_TO_32_BIT_CONVERSION = YES;
				GCC_WARN_ABOUT_RETURN_TYPE = YES_ERROR;
				GCC_WARN_UNDECLARED_SELECTOR = YES;
				GCC_WARN_UNINITIALIZED_AUTOS = YES_AGGRESSIVE;
				GCC_WARN_UNUSED_FUNCTION = YES;
				GCC_WARN_UNUSED_VARIABLE = YES;
				IPHONEOS_DEPLOYMENT_TARGET = 17.2;
				LOCALIZATION_PREFERS_STRING_CATALOGS = YES;
				MTL_ENABLE_DEBUG_INFO = NO;
				MTL_FAST_MATH = YES;
				SDKROOT = iphoneos;
				SWIFT_COMPILATION_MODE = wholemodule;
				VALIDATE_PRODUCT = YES;
			};
			name = Release;
		};
		A32EAABE2B8507A1003ED411 /* Debug */ = {
			isa = XCBuildConfiguration;
			buildSettings = {
				ASSETCATALOG_COMPILER_APPICON_NAME = AppIcon;
				ASSETCATALOG_COMPILER_GLOBAL_ACCENT_COLOR_NAME = AccentColor;
				CODE_SIGN_STYLE = Automatic;
				CURRENT_PROJECT_VERSION = 1;
				DEVELOPMENT_TEAM = NF5X2BH93G;
				GENERATE_INFOPLIST_FILE = YES;
				INFOPLIST_FILE = DifferentApproaches/SupportingFiles/Info.plist;
				INFOPLIST_KEY_CFBundleDisplayName = "Different Approaches";
				INFOPLIST_KEY_UIApplicationSupportsIndirectInputEvents = YES;
				INFOPLIST_KEY_UILaunchStoryboardName = LaunchScreen;
				INFOPLIST_KEY_UIMainStoryboardFile = "";
				INFOPLIST_KEY_UISupportedInterfaceOrientations_iPad = "UIInterfaceOrientationPortrait UIInterfaceOrientationPortraitUpsideDown UIInterfaceOrientationLandscapeLeft UIInterfaceOrientationLandscapeRight";
				INFOPLIST_KEY_UISupportedInterfaceOrientations_iPhone = "UIInterfaceOrientationPortrait UIInterfaceOrientationLandscapeLeft UIInterfaceOrientationLandscapeRight";
				LD_RUNPATH_SEARCH_PATHS = (
					"$(inherited)",
					"@executable_path/Frameworks",
				);
				MARKETING_VERSION = 1.0;
				PRODUCT_BUNDLE_IDENTIFIER = ru.yanmoroz.DifferentApproaches;
				PRODUCT_NAME = "$(TARGET_NAME)";
				SWIFT_EMIT_LOC_STRINGS = YES;
				SWIFT_VERSION = 5.0;
				TARGETED_DEVICE_FAMILY = "1,2";
			};
			name = Debug;
		};
		A32EAABF2B8507A1003ED411 /* Release */ = {
			isa = XCBuildConfiguration;
			buildSettings = {
				ASSETCATALOG_COMPILER_APPICON_NAME = AppIcon;
				ASSETCATALOG_COMPILER_GLOBAL_ACCENT_COLOR_NAME = AccentColor;
				CODE_SIGN_STYLE = Automatic;
				CURRENT_PROJECT_VERSION = 1;
				DEVELOPMENT_TEAM = NF5X2BH93G;
				GENERATE_INFOPLIST_FILE = YES;
				INFOPLIST_FILE = DifferentApproaches/SupportingFiles/Info.plist;
				INFOPLIST_KEY_CFBundleDisplayName = "";
				INFOPLIST_KEY_UIApplicationSupportsIndirectInputEvents = YES;
				INFOPLIST_KEY_UILaunchStoryboardName = LaunchScreen;
				INFOPLIST_KEY_UIMainStoryboardFile = "";
				INFOPLIST_KEY_UISupportedInterfaceOrientations_iPad = "UIInterfaceOrientationPortrait UIInterfaceOrientationPortraitUpsideDown UIInterfaceOrientationLandscapeLeft UIInterfaceOrientationLandscapeRight";
				INFOPLIST_KEY_UISupportedInterfaceOrientations_iPhone = "UIInterfaceOrientationPortrait UIInterfaceOrientationLandscapeLeft UIInterfaceOrientationLandscapeRight";
				LD_RUNPATH_SEARCH_PATHS = (
					"$(inherited)",
					"@executable_path/Frameworks",
				);
				MARKETING_VERSION = 1.0;
				PRODUCT_BUNDLE_IDENTIFIER = ru.yanmoroz.DifferentApproaches;
				PRODUCT_NAME = "$(TARGET_NAME)";
				SWIFT_EMIT_LOC_STRINGS = YES;
				SWIFT_VERSION = 5.0;
				TARGETED_DEVICE_FAMILY = "1,2";
			};
			name = Release;
		};
/* End XCBuildConfiguration section */

/* Begin XCConfigurationList section */
		A32EAAA42B8507A0003ED411 /* Build configuration list for PBXProject "DifferentApproaches" */ = {
			isa = XCConfigurationList;
			buildConfigurations = (
				A32EAABB2B8507A1003ED411 /* Debug */,
				A32EAABC2B8507A1003ED411 /* Release */,
			);
			defaultConfigurationIsVisible = 0;
			defaultConfigurationName = Release;
		};
		A32EAABD2B8507A1003ED411 /* Build configuration list for PBXNativeTarget "DifferentApproaches" */ = {
			isa = XCConfigurationList;
			buildConfigurations = (
				A32EAABE2B8507A1003ED411 /* Debug */,
				A32EAABF2B8507A1003ED411 /* Release */,
			);
			defaultConfigurationIsVisible = 0;
			defaultConfigurationName = Release;
		};
/* End XCConfigurationList section */
	};
	rootObject = A32EAAA12B8507A0003ED411 /* Project object */;
}
